
Microsoft Visual Studio Solution File, Format Version 12.00
# Visual Studio 15
VisualStudioVersion = 15.0.27428.1
MinimumVisualStudioVersion = 10.0.40219.1
Project("{FAE04EC0-301F-11D3-BF4B-00C04F79EFBC}") = "BranchAndBound", "BranchAndBound\BranchAndBound.csproj", "{91CD044D-F3CC-4D74-802B-8ADCB4F1359D}"
EndProject
Global
	GlobalSection(SolutionConfigurationPlatforms) = preSolution
		Debug|Any CPU = Debug|Any CPU
		Release|Any CPU = Release|Any CPU
	EndGlobalSection
	GlobalSection(ProjectConfigurationPlatforms) = postSolution
		{91CD044D-F3CC-4D74-802B-8ADCB4F1359D}.Debug|Any CPU.ActiveCfg = Debug|Any CPU
		{91CD044D-F3CC-4D74-802B-8ADCB4F1359D}.Debug|Any CPU.Build.0 = Debug|Any CPU
		{91CD044D-F3CC-4D74-802B-8ADCB4F1359D}.Release|Any CPU.ActiveCfg = Release|Any CPU
		{91CD044D-F3CC-4D74-802B-8ADCB4F1359D}.Release|Any CPU.Build.0 = Release|Any CPU
	EndGlobalSection
	GlobalSection(SolutionProperties) = preSolution
		HideSolutionNode = FALSE
	EndGlobalSection
	GlobalSection(ExtensibilityGlobals) = postSolution
		SolutionGuid = {168C279C-8F54-44BD-B259-10717F8A1929}
	EndGlobalSection
EndGlobal
